{
  "requires": true,
  "lockfileVersion": 1,
  "dependencies": {
    "atguigu-utils": {
      "version": "1.2.1",
      "resolved": "https://registry.npmjs.org/atguigu-utils/-/atguigu-utils-1.2.1.tgz",
      "integrity": "sha512-rD9LhJ6xhSGlzW0hxr/nE8wg3xtKaR0Jf9+In/gFylXH03Uu2dtOtZcON7SamHNbdsU4LCKMQaZIXUVXzuSHQA==",
      "requires": {
        "lodash": "^4.17.15"
      }
    },
    "lodash": {
      "version": "4.17.15",
      "resolved": "https://registry.npmjs.org/lodash/-/lodash-4.17.15.tgz",
      "integrity": "sha512-8xOcRHvCjnocdS5cpwXQXVzmmh5e5+saE2QGoeQmbKmRS6J3VQppPOIt0MnmE+4xlZoumy0GPG0D0MVIQbNA1A=="
    }
  }
}
